{
  "version": 4,
  "terraform_version": "1.10.2",
  "serial": 41,
  "lineage": "73449de5-10e0-a0b4-c186-dba57e8255c1",
  "outputs": {},
  "resources": [
    {
      "module": "module.aws_humangov_infrastructure[\"california\"]",
      "mode": "managed",
      "type": "aws_dynamodb_table",
      "name": "state_dynamodb",
      "provider": "provider[\"registry.terraform.io/hashicorp/aws\"]",
      "instances": [
        {
          "schema_version": 1,
          "attributes": {
            "arn": "arn:aws:dynamodb:us-east-1:241533124639:table/humangov-california-dynamodb",
            "attribute": [
              {
                "name": "id",
                "type": "S"
              }
            ],
            "billing_mode": "PAY_PER_REQUEST",
            "deletion_protection_enabled": false,
            "global_secondary_index": [],
            "hash_key": "id",
            "id": "humangov-california-dynamodb",
            "import_table": [],
            "local_secondary_index": [],
            "name": "humangov-california-dynamodb",
            "on_demand_throughput": [],
            "point_in_time_recovery": [
              {
                "enabled": false
              }
            ],
            "range_key": null,
            "read_capacity": 0,
            "replica": [],
            "restore_date_time": null,
            "restore_source_name": null,
            "restore_source_table_arn": null,
            "restore_to_latest_time": null,
            "server_side_encryption": [],
            "stream_arn": "",
            "stream_enabled": false,
            "stream_label": "",
            "stream_view_type": "",
            "table_class": "STANDARD",
            "tags": {
              "Name": "humangov-california"
            },
            "tags_all": {
              "Name": "humangov-california"
            },
            "timeouts": null,
            "ttl": [
              {
                "attribute_name": "",
                "enabled": false
              }
            ],
            "write_capacity": 0
          },
          "sensitive_attributes": [],
          "private": "eyJlMmJmYjczMC1lY2FhLTExZTYtOGY4OC0zNDM2M2JjN2M0YzAiOnsiY3JlYXRlIjoxODAwMDAwMDAwMDAwLCJkZWxldGUiOjYwMDAwMDAwMDAwMCwidXBkYXRlIjozNjAwMDAwMDAwMDAwfSwic2NoZW1hX3ZlcnNpb24iOiIxIn0="
        }
      ]
    },
    {
      "module": "module.aws_humangov_infrastructure[\"california\"]",
      "mode": "managed",
      "type": "aws_iam_instance_profile",
      "name": "s3_dynamodb_full_access_instance_profile",
      "provider": "provider[\"registry.terraform.io/hashicorp/aws\"]",
      "instances": [
        {
          "schema_version": 0,
          "attributes": {
            "arn": "arn:aws:iam::241533124639:instance-profile/humangov-california-s3_dynamodb_full_access_instance_profile",
            "create_date": "2024-12-23T17:20:49Z",
            "id": "humangov-california-s3_dynamodb_full_access_instance_profile",
            "name": "humangov-california-s3_dynamodb_full_access_instance_profile",
            "name_prefix": "",
            "path": "/",
            "role": "humangov-california-s3_dynamodb_full_access_role",
            "tags": {
              "Name": "humangov-california"
            },
            "tags_all": {
              "Name": "humangov-california"
            },
            "unique_id": "AIPATQPD7AAPWAWWQQEDL"
          },
          "sensitive_attributes": [],
          "private": "bnVsbA==",
          "dependencies": [
            "module.aws_humangov_infrastructure.aws_iam_role.s3_dynamodb_full_access_role"
          ]
        }
      ]
    },
    {
      "module": "module.aws_humangov_infrastructure[\"california\"]",
      "mode": "managed",
      "type": "aws_iam_role",
      "name": "s3_dynamodb_full_access_role",
      "provider": "provider[\"registry.terraform.io/hashicorp/aws\"]",
      "instances": [
        {
          "schema_version": 0,
          "attributes": {
            "arn": "arn:aws:iam::241533124639:role/humangov-california-s3_dynamodb_full_access_role",
            "assume_role_policy": "{\"Statement\":[{\"Action\":\"sts:AssumeRole\",\"Effect\":\"Allow\",\"Principal\":{\"Service\":\"ec2.amazonaws.com\"},\"Sid\":\"\"}],\"Version\":\"2012-10-17\"}",
            "create_date": "2024-12-23T17:20:48Z",
            "description": "",
            "force_detach_policies": false,
            "id": "humangov-california-s3_dynamodb_full_access_role",
            "inline_policy": [],
            "managed_policy_arns": [],
            "max_session_duration": 3600,
            "name": "humangov-california-s3_dynamodb_full_access_role",
            "name_prefix": "",
            "path": "/",
            "permissions_boundary": "",
            "tags": {
              "Name": "humangov-california"
            },
            "tags_all": {
              "Name": "humangov-california"
            },
            "unique_id": "AROATQPD7AAPQYXRF2DZP"
          },
          "sensitive_attributes": [],
          "private": "bnVsbA=="
        }
      ]
    },
    {
      "module": "module.aws_humangov_infrastructure[\"california\"]",
      "mode": "managed",
      "type": "aws_iam_role_policy_attachment",
      "name": "dynamodb_full_access_role_policy_attachment",
      "provider": "provider[\"registry.terraform.io/hashicorp/aws\"]",
      "instances": [
        {
          "schema_version": 0,
          "attributes": {
            "id": "humangov-california-s3_dynamodb_full_access_role-20241223172049264300000001",
            "policy_arn": "arn:aws:iam::aws:policy/AmazonDynamoDBFullAccess",
            "role": "humangov-california-s3_dynamodb_full_access_role"
          },
          "sensitive_attributes": [],
          "private": "bnVsbA==",
          "dependencies": [
            "module.aws_humangov_infrastructure.aws_iam_role.s3_dynamodb_full_access_role"
          ]
        }
      ]
    },
    {
      "module": "module.aws_humangov_infrastructure[\"california\"]",
      "mode": "managed",
      "type": "aws_iam_role_policy_attachment",
      "name": "s3_full_access_role_policy_attachment",
      "provider": "provider[\"registry.terraform.io/hashicorp/aws\"]",
      "instances": [
        {
          "schema_version": 0,
          "attributes": {
            "id": "humangov-california-s3_dynamodb_full_access_role-20241223172049290800000002",
            "policy_arn": "arn:aws:iam::aws:policy/AmazonS3FullAccess",
            "role": "humangov-california-s3_dynamodb_full_access_role"
          },
          "sensitive_attributes": [],
          "private": "bnVsbA==",
          "dependencies": [
            "module.aws_humangov_infrastructure.aws_iam_role.s3_dynamodb_full_access_role"
          ]
        }
      ]
    },
    {
      "module": "module.aws_humangov_infrastructure[\"california\"]",
      "mode": "managed",
      "type": "aws_s3_bucket",
      "name": "state_s3",
      "provider": "provider[\"registry.terraform.io/hashicorp/aws\"]",
      "instances": [
        {
          "schema_version": 0,
          "attributes": {
            "acceleration_status": "",
            "acl": null,
            "arn": "arn:aws:s3:::humangov-california-s3-356e",
            "bucket": "humangov-california-s3-356e",
            "bucket_domain_name": "humangov-california-s3-356e.s3.amazonaws.com",
            "bucket_prefix": "",
            "bucket_regional_domain_name": "humangov-california-s3-356e.s3.us-east-1.amazonaws.com",
            "cors_rule": [],
            "force_destroy": false,
            "grant": [
              {
                "id": "8f45f486047a8e02dfe457f555d1ae07d68542d3d04f6ff6608ced3f6677339d",
                "permissions": [
                  "FULL_CONTROL"
                ],
                "type": "CanonicalUser",
                "uri": ""
              }
            ],
            "hosted_zone_id": "Z3AQBSTGFYJSTF",
            "id": "humangov-california-s3-356e",
            "lifecycle_rule": [],
            "logging": [],
            "object_lock_configuration": [],
            "object_lock_enabled": false,
            "policy": "",
            "region": "us-east-1",
            "replication_configuration": [],
            "request_payer": "BucketOwner",
            "server_side_encryption_configuration": [
              {
                "rule": [
                  {
                    "apply_server_side_encryption_by_default": [
                      {
                        "kms_master_key_id": "",
                        "sse_algorithm": "AES256"
                      }
                    ],
                    "bucket_key_enabled": false
                  }
                ]
              }
            ],
            "tags": {
              "Name": "humangov-california"
            },
            "tags_all": {
              "Name": "humangov-california"
            },
            "timeouts": null,
            "versioning": [
              {
                "enabled": false,
                "mfa_delete": false
              }
            ],
            "website": [],
            "website_domain": null,
            "website_endpoint": null
          },
          "sensitive_attributes": [],
          "private": "eyJlMmJmYjczMC1lY2FhLTExZTYtOGY4OC0zNDM2M2JjN2M0YzAiOnsiY3JlYXRlIjoxMjAwMDAwMDAwMDAwLCJkZWxldGUiOjM2MDAwMDAwMDAwMDAsInJlYWQiOjEyMDAwMDAwMDAwMDAsInVwZGF0ZSI6MTIwMDAwMDAwMDAwMH19",
          "dependencies": [
            "module.aws_humangov_infrastructure.random_string.bucket_suffix"
          ]
        }
      ]
    },
    {
      "module": "module.aws_humangov_infrastructure[\"california\"]",
      "mode": "managed",
      "type": "aws_security_group",
      "name": "state_ec2_sg",
      "provider": "provider[\"registry.terraform.io/hashicorp/aws\"]",
      "instances": [
        {
          "status": "tainted",
          "schema_version": 1,
          "attributes": {
            "arn": null,
            "description": "Allow traffic on ports 22 and 80",
            "egress": [
              {
                "cidr_blocks": [
                  "0.0.0.0/0"
                ],
                "description": "",
                "from_port": 0,
                "ipv6_cidr_blocks": [],
                "prefix_list_ids": [],
                "protocol": "-1",
                "security_groups": [],
                "self": false,
                "to_port": 0
              }
            ],
            "id": "sg-007ddee271d2c2645",
            "ingress": [
              {
                "cidr_blocks": [
                  "0.0.0.0/0"
                ],
                "description": "",
                "from_port": 5000,
                "ipv6_cidr_blocks": [],
                "prefix_list_ids": [],
                "protocol": "tcp",
                "security_groups": [],
                "self": false,
                "to_port": 5000
              },
              {
                "cidr_blocks": [
                  "0.0.0.0/0"
                ],
                "description": "",
                "from_port": 80,
                "ipv6_cidr_blocks": [],
                "prefix_list_ids": [],
                "protocol": "tcp",
                "security_groups": [],
                "self": false,
                "to_port": 80
              },
              {
                "cidr_blocks": [],
                "description": "",
                "from_port": 0,
                "ipv6_cidr_blocks": [],
                "prefix_list_ids": [],
                "protocol": "-1",
                "security_groups": [
                  "sg-027f57abd3fefda49"
                ],
                "self": false,
                "to_port": 0
              }
            ],
            "name": "humangov-california-ec2-sg",
            "name_prefix": null,
            "owner_id": null,
            "revoke_rules_on_delete": false,
            "tags": {
              "Name": "humangov-california"
            },
            "tags_all": {
              "Name": "humangov-california"
            },
            "timeouts": null,
            "vpc_id": null
          },
          "sensitive_attributes": [],
          "private": "eyJlMmJmYjczMC1lY2FhLTExZTYtOGY4OC0zNDM2M2JjN2M0YzAiOnsiY3JlYXRlIjo2MDAwMDAwMDAwMDAsImRlbGV0ZSI6OTAwMDAwMDAwMDAwfSwic2NoZW1hX3ZlcnNpb24iOiIxIn0="
        }
      ]
    },
    {
      "module": "module.aws_humangov_infrastructure[\"california\"]",
      "mode": "managed",
      "type": "random_string",
      "name": "bucket_suffix",
      "provider": "provider[\"registry.terraform.io/hashicorp/random\"]",
      "instances": [
        {
          "schema_version": 2,
          "attributes": {
            "id": "356e",
            "keepers": null,
            "length": 4,
            "lower": true,
            "min_lower": 0,
            "min_numeric": 0,
            "min_special": 0,
            "min_upper": 0,
            "number": true,
            "numeric": true,
            "override_special": null,
            "result": "356e",
            "special": false,
            "upper": false
          },
          "sensitive_attributes": []
        }
      ]
    }
  ],
  "check_results": null
}
