{
  "version": 4,
  "terraform_version": "1.10.2",
  "serial": 22,
  "lineage": "73449de5-10e0-a0b4-c186-dba57e8255c1",
  "outputs": {
    "state_infrastructure_outputs": {
      "value": {
        "california": {
          "dynamodb_table": "humangov-california-dynamodb",
          "ec2_public_dns": "ec2-44-212-16-142.compute-1.amazonaws.com",
          "s3_bucket": "humangov-california-s3-2sxz"
        }
      },
      "type": [
        "object",
        {
          "california": [
            "object",
            {
              "dynamodb_table": "string",
              "ec2_public_dns": "string",
              "s3_bucket": "string"
            }
          ]
        }
      ]
    }
  },
  "resources": [
    {
      "module": "module.aws_humangov_infrastructure[\"california\"]",
      "mode": "managed",
      "type": "aws_dynamodb_table",
      "name": "state_dynamodb",
      "provider": "provider[\"registry.terraform.io/hashicorp/aws\"]",
      "instances": [
        {
          "schema_version": 1,
          "attributes": {
            "arn": "arn:aws:dynamodb:us-east-1:241533124639:table/humangov-california-dynamodb",
            "attribute": [
              {
                "name": "id",
                "type": "S"
              }
            ],
            "billing_mode": "PAY_PER_REQUEST",
            "deletion_protection_enabled": false,
            "global_secondary_index": [],
            "hash_key": "id",
            "id": "humangov-california-dynamodb",
            "import_table": [],
            "local_secondary_index": [],
            "name": "humangov-california-dynamodb",
            "on_demand_throughput": [],
            "point_in_time_recovery": [
              {
                "enabled": false
              }
            ],
            "range_key": null,
            "read_capacity": 0,
            "replica": [],
            "restore_date_time": null,
            "restore_source_name": null,
            "restore_source_table_arn": null,
            "restore_to_latest_time": null,
            "server_side_encryption": [],
            "stream_arn": "",
            "stream_enabled": false,
            "stream_label": "",
            "stream_view_type": "",
            "table_class": "STANDARD",
            "tags": {
              "Name": "humangov-california"
            },
            "tags_all": {
              "Name": "humangov-california"
            },
            "timeouts": null,
            "ttl": [
              {
                "attribute_name": "",
                "enabled": false
              }
            ],
            "write_capacity": 0
          },
          "sensitive_attributes": [],
          "private": "eyJlMmJmYjczMC1lY2FhLTExZTYtOGY4OC0zNDM2M2JjN2M0YzAiOnsiY3JlYXRlIjoxODAwMDAwMDAwMDAwLCJkZWxldGUiOjYwMDAwMDAwMDAwMCwidXBkYXRlIjozNjAwMDAwMDAwMDAwfSwic2NoZW1hX3ZlcnNpb24iOiIxIn0="
        }
      ]
    },
    {
      "module": "module.aws_humangov_infrastructure[\"california\"]",
      "mode": "managed",
      "type": "aws_iam_instance_profile",
      "name": "s3_dynamodb_full_access_instance_profile",
      "provider": "provider[\"registry.terraform.io/hashicorp/aws\"]",
      "instances": [
        {
          "schema_version": 0,
          "attributes": {
            "arn": "arn:aws:iam::241533124639:instance-profile/humangov-california-s3_dynamodb_full_access_instance_profile",
            "create_date": "2024-12-20T16:53:49Z",
            "id": "humangov-california-s3_dynamodb_full_access_instance_profile",
            "name": "humangov-california-s3_dynamodb_full_access_instance_profile",
            "name_prefix": "",
            "path": "/",
            "role": "humangov-california-s3_dynamodb_full_access_role",
            "tags": {
              "Name": "humangov-california"
            },
            "tags_all": {
              "Name": "humangov-california"
            },
            "unique_id": "AIPATQPD7AAP2WABHVHJG"
          },
          "sensitive_attributes": [],
          "private": "bnVsbA==",
          "dependencies": [
            "module.aws_humangov_infrastructure.aws_iam_role.s3_dynamodb_full_access_role"
          ]
        }
      ]
    },
    {
      "module": "module.aws_humangov_infrastructure[\"california\"]",
      "mode": "managed",
      "type": "aws_iam_role",
      "name": "s3_dynamodb_full_access_role",
      "provider": "provider[\"registry.terraform.io/hashicorp/aws\"]",
      "instances": [
        {
          "schema_version": 0,
          "attributes": {
            "arn": "arn:aws:iam::241533124639:role/humangov-california-s3_dynamodb_full_access_role",
            "assume_role_policy": "{\"Statement\":[{\"Action\":\"sts:AssumeRole\",\"Effect\":\"Allow\",\"Principal\":{\"Service\":\"ec2.amazonaws.com\"},\"Sid\":\"\"}],\"Version\":\"2012-10-17\"}",
            "create_date": "2024-12-20T16:53:48Z",
            "description": "",
            "force_detach_policies": false,
            "id": "humangov-california-s3_dynamodb_full_access_role",
            "inline_policy": [],
            "managed_policy_arns": [],
            "max_session_duration": 3600,
            "name": "humangov-california-s3_dynamodb_full_access_role",
            "name_prefix": "",
            "path": "/",
            "permissions_boundary": "",
            "tags": {
              "Name": "humangov-california"
            },
            "tags_all": {
              "Name": "humangov-california"
            },
            "unique_id": "AROATQPD7AAPWJXJQNPMP"
          },
          "sensitive_attributes": [],
          "private": "bnVsbA=="
        }
      ]
    },
    {
      "module": "module.aws_humangov_infrastructure[\"california\"]",
      "mode": "managed",
      "type": "aws_iam_role_policy_attachment",
      "name": "dynamodb_full_access_role_policy_attachment",
      "provider": "provider[\"registry.terraform.io/hashicorp/aws\"]",
      "instances": [
        {
          "schema_version": 0,
          "attributes": {
            "id": "humangov-california-s3_dynamodb_full_access_role-20241220165349634600000002",
            "policy_arn": "arn:aws:iam::aws:policy/AmazonDynamoDBFullAccess",
            "role": "humangov-california-s3_dynamodb_full_access_role"
          },
          "sensitive_attributes": [],
          "private": "bnVsbA==",
          "dependencies": [
            "module.aws_humangov_infrastructure.aws_iam_role.s3_dynamodb_full_access_role"
          ]
        }
      ]
    },
    {
      "module": "module.aws_humangov_infrastructure[\"california\"]",
      "mode": "managed",
      "type": "aws_iam_role_policy_attachment",
      "name": "s3_full_access_role_policy_attachment",
      "provider": "provider[\"registry.terraform.io/hashicorp/aws\"]",
      "instances": [
        {
          "schema_version": 0,
          "attributes": {
            "id": "humangov-california-s3_dynamodb_full_access_role-20241220165349565300000001",
            "policy_arn": "arn:aws:iam::aws:policy/AmazonS3FullAccess",
            "role": "humangov-california-s3_dynamodb_full_access_role"
          },
          "sensitive_attributes": [],
          "private": "bnVsbA==",
          "dependencies": [
            "module.aws_humangov_infrastructure.aws_iam_role.s3_dynamodb_full_access_role"
          ]
        }
      ]
    },
    {
      "module": "module.aws_humangov_infrastructure[\"california\"]",
      "mode": "managed",
      "type": "aws_instance",
      "name": "state_ec2",
      "provider": "provider[\"registry.terraform.io/hashicorp/aws\"]",
      "instances": [
        {
          "schema_version": 1,
          "attributes": {
            "ami": "ami-007855ac798b5175e",
            "arn": "arn:aws:ec2:us-east-1:241533124639:instance/i-0ef46073ec80575c1",
            "associate_public_ip_address": true,
            "availability_zone": "us-east-1a",
            "capacity_reservation_specification": [
              {
                "capacity_reservation_preference": "open",
                "capacity_reservation_target": []
              }
            ],
            "cpu_core_count": 1,
            "cpu_options": [
              {
                "amd_sev_snp": "",
                "core_count": 1,
                "threads_per_core": 1
              }
            ],
            "cpu_threads_per_core": 1,
            "credit_specification": [
              {
                "cpu_credits": "standard"
              }
            ],
            "disable_api_stop": false,
            "disable_api_termination": false,
            "ebs_block_device": [],
            "ebs_optimized": false,
            "enable_primary_ipv6": null,
            "enclave_options": [
              {
                "enabled": false
              }
            ],
            "ephemeral_block_device": [],
            "get_password_data": false,
            "hibernation": false,
            "host_id": "",
            "host_resource_group_arn": null,
            "iam_instance_profile": "humangov-california-s3_dynamodb_full_access_instance_profile",
            "id": "i-0ef46073ec80575c1",
            "instance_initiated_shutdown_behavior": "stop",
            "instance_lifecycle": "",
            "instance_market_options": [],
            "instance_state": "running",
            "instance_type": "t2.micro",
            "ipv6_address_count": 0,
            "ipv6_addresses": [],
            "key_name": "humangov-ec2-key",
            "launch_template": [],
            "maintenance_options": [
              {
                "auto_recovery": "default"
              }
            ],
            "metadata_options": [
              {
                "http_endpoint": "enabled",
                "http_protocol_ipv6": "disabled",
                "http_put_response_hop_limit": 1,
                "http_tokens": "optional",
                "instance_metadata_tags": "disabled"
              }
            ],
            "monitoring": false,
            "network_interface": [],
            "outpost_arn": "",
            "password_data": "",
            "placement_group": "",
            "placement_partition_number": 0,
            "primary_network_interface_id": "eni-0bf33c90593452d2c",
            "private_dns": "ip-172-31-85-212.ec2.internal",
            "private_dns_name_options": [
              {
                "enable_resource_name_dns_a_record": false,
                "enable_resource_name_dns_aaaa_record": false,
                "hostname_type": "ip-name"
              }
            ],
            "private_ip": "172.31.85.212",
            "public_dns": "ec2-44-212-16-142.compute-1.amazonaws.com",
            "public_ip": "44.212.16.142",
            "root_block_device": [
              {
                "delete_on_termination": true,
                "device_name": "/dev/sda1",
                "encrypted": false,
                "iops": 100,
                "kms_key_id": "",
                "tags": {},
                "tags_all": {},
                "throughput": 0,
                "volume_id": "vol-05d2d99dde5d51ad2",
                "volume_size": 8,
                "volume_type": "gp2"
              }
            ],
            "secondary_private_ips": [],
            "security_groups": [
              "humangov-california-ec2-sg"
            ],
            "source_dest_check": true,
            "spot_instance_request_id": "",
            "subnet_id": "subnet-0864c0bd6c5e358e9",
            "tags": {
              "Name": "humangov-california"
            },
            "tags_all": {
              "Name": "humangov-california"
            },
            "tenancy": "default",
            "timeouts": null,
            "user_data": null,
            "user_data_base64": null,
            "user_data_replace_on_change": false,
            "volume_tags": null,
            "vpc_security_group_ids": [
              "sg-036f2ff8352cc467f"
            ]
          },
          "sensitive_attributes": [],
          "private": "eyJlMmJmYjczMC1lY2FhLTExZTYtOGY4OC0zNDM2M2JjN2M0YzAiOnsiY3JlYXRlIjo2MDAwMDAwMDAwMDAsImRlbGV0ZSI6MTIwMDAwMDAwMDAwMCwicmVhZCI6OTAwMDAwMDAwMDAwLCJ1cGRhdGUiOjYwMDAwMDAwMDAwMH0sInNjaGVtYV92ZXJzaW9uIjoiMSJ9",
          "dependencies": [
            "module.aws_humangov_infrastructure.aws_iam_instance_profile.s3_dynamodb_full_access_instance_profile",
            "module.aws_humangov_infrastructure.aws_iam_role.s3_dynamodb_full_access_role",
            "module.aws_humangov_infrastructure.aws_security_group.state_ec2_sg"
          ]
        }
      ]
    },
    {
      "module": "module.aws_humangov_infrastructure[\"california\"]",
      "mode": "managed",
      "type": "aws_s3_bucket",
      "name": "state_s3",
      "provider": "provider[\"registry.terraform.io/hashicorp/aws\"]",
      "instances": [
        {
          "schema_version": 0,
          "attributes": {
            "acceleration_status": "",
            "acl": "private",
            "arn": "arn:aws:s3:::humangov-california-s3-2sxz",
            "bucket": "humangov-california-s3-2sxz",
            "bucket_domain_name": "humangov-california-s3-2sxz.s3.amazonaws.com",
            "bucket_prefix": "",
            "bucket_regional_domain_name": "humangov-california-s3-2sxz.s3.us-east-1.amazonaws.com",
            "cors_rule": [],
            "force_destroy": false,
            "grant": [
              {
                "id": "8f45f486047a8e02dfe457f555d1ae07d68542d3d04f6ff6608ced3f6677339d",
                "permissions": [
                  "FULL_CONTROL"
                ],
                "type": "CanonicalUser",
                "uri": ""
              }
            ],
            "hosted_zone_id": "Z3AQBSTGFYJSTF",
            "id": "humangov-california-s3-2sxz",
            "lifecycle_rule": [],
            "logging": [],
            "object_lock_configuration": [],
            "object_lock_enabled": false,
            "policy": "",
            "region": "us-east-1",
            "replication_configuration": [],
            "request_payer": "BucketOwner",
            "server_side_encryption_configuration": [
              {
                "rule": [
                  {
                    "apply_server_side_encryption_by_default": [
                      {
                        "kms_master_key_id": "",
                        "sse_algorithm": "AES256"
                      }
                    ],
                    "bucket_key_enabled": false
                  }
                ]
              }
            ],
            "tags": {
              "Name": "humangov-california"
            },
            "tags_all": {
              "Name": "humangov-california"
            },
            "timeouts": null,
            "versioning": [
              {
                "enabled": false,
                "mfa_delete": false
              }
            ],
            "website": [],
            "website_domain": null,
            "website_endpoint": null
          },
          "sensitive_attributes": [],
          "private": "eyJlMmJmYjczMC1lY2FhLTExZTYtOGY4OC0zNDM2M2JjN2M0YzAiOnsiY3JlYXRlIjoxMjAwMDAwMDAwMDAwLCJkZWxldGUiOjM2MDAwMDAwMDAwMDAsInJlYWQiOjEyMDAwMDAwMDAwMDAsInVwZGF0ZSI6MTIwMDAwMDAwMDAwMH19",
          "dependencies": [
            "module.aws_humangov_infrastructure.random_string.bucket_suffix"
          ]
        }
      ]
    },
    {
      "module": "module.aws_humangov_infrastructure[\"california\"]",
      "mode": "managed",
      "type": "aws_security_group",
      "name": "state_ec2_sg",
      "provider": "provider[\"registry.terraform.io/hashicorp/aws\"]",
      "instances": [
        {
          "schema_version": 1,
          "attributes": {
            "arn": "arn:aws:ec2:us-east-1:241533124639:security-group/sg-036f2ff8352cc467f",
            "description": "Allow traffic on ports 22 and 80",
            "egress": [
              {
                "cidr_blocks": [
                  "0.0.0.0/0"
                ],
                "description": "",
                "from_port": 0,
                "ipv6_cidr_blocks": [],
                "prefix_list_ids": [],
                "protocol": "-1",
                "security_groups": [],
                "self": false,
                "to_port": 0
              }
            ],
            "id": "sg-036f2ff8352cc467f",
            "ingress": [
              {
                "cidr_blocks": [
                  "0.0.0.0/0"
                ],
                "description": "",
                "from_port": 5000,
                "ipv6_cidr_blocks": [],
                "prefix_list_ids": [],
                "protocol": "tcp",
                "security_groups": [],
                "self": false,
                "to_port": 5000
              },
              {
                "cidr_blocks": [
                  "0.0.0.0/0"
                ],
                "description": "",
                "from_port": 80,
                "ipv6_cidr_blocks": [],
                "prefix_list_ids": [],
                "protocol": "tcp",
                "security_groups": [],
                "self": false,
                "to_port": 80
              },
              {
                "cidr_blocks": [],
                "description": "",
                "from_port": 0,
                "ipv6_cidr_blocks": [],
                "prefix_list_ids": [],
                "protocol": "-1",
                "security_groups": [
                  "sg-0839a0304b2efd7fd"
                ],
                "self": false,
                "to_port": 0
              }
            ],
            "name": "humangov-california-ec2-sg",
            "name_prefix": "",
            "owner_id": "241533124639",
            "revoke_rules_on_delete": false,
            "tags": {
              "Name": "humangov-california"
            },
            "tags_all": {
              "Name": "humangov-california"
            },
            "timeouts": null,
            "vpc_id": "vpc-021780bf5e5394ea0"
          },
          "sensitive_attributes": [],
          "private": "eyJlMmJmYjczMC1lY2FhLTExZTYtOGY4OC0zNDM2M2JjN2M0YzAiOnsiY3JlYXRlIjo2MDAwMDAwMDAwMDAsImRlbGV0ZSI6OTAwMDAwMDAwMDAwfSwic2NoZW1hX3ZlcnNpb24iOiIxIn0="
        }
      ]
    },
    {
      "module": "module.aws_humangov_infrastructure[\"california\"]",
      "mode": "managed",
      "type": "random_string",
      "name": "bucket_suffix",
      "provider": "provider[\"registry.terraform.io/hashicorp/random\"]",
      "instances": [
        {
          "schema_version": 2,
          "attributes": {
            "id": "2sxz",
            "keepers": null,
            "length": 4,
            "lower": true,
            "min_lower": 0,
            "min_numeric": 0,
            "min_special": 0,
            "min_upper": 0,
            "number": true,
            "numeric": true,
            "override_special": null,
            "result": "2sxz",
            "special": false,
            "upper": false
          },
          "sensitive_attributes": []
        }
      ]
    }
  ],
  "check_results": null
}
